
Microsoft Visual Studio Solution File, Format Version 12.00
# Visual Studio Version 16
VisualStudioVersion = 16.0.30523.141
MinimumVisualStudioVersion = 10.0.40219.1
Project("{FAE04EC0-301F-11D3-BF4B-00C04F79EFBC}") = "Coptil_Anamaria_Lab2", "Coptil_Anamaria_Lab2.csproj", "{E8C1E644-7A43-462C-9F18-F0FE45D0CA64}"
EndProject
Global
	GlobalSection(SolutionConfigurationPlatforms) = preSolution
		Debug|Any CPU = Debug|Any CPU
		Release|Any CPU = Release|Any CPU
	EndGlobalSection
	GlobalSection(ProjectConfigurationPlatforms) = postSolution
		{E8C1E644-7A43-462C-9F18-F0FE45D0CA64}.Debug|Any CPU.ActiveCfg = Debug|Any CPU
		{E8C1E644-7A43-462C-9F18-F0FE45D0CA64}.Debug|Any CPU.Build.0 = Debug|Any CPU
		{E8C1E644-7A43-462C-9F18-F0FE45D0CA64}.Release|Any CPU.ActiveCfg = Release|Any CPU
		{E8C1E644-7A43-462C-9F18-F0FE45D0CA64}.Release|Any CPU.Build.0 = Release|Any CPU
	EndGlobalSection
	GlobalSection(SolutionProperties) = preSolution
		HideSolutionNode = FALSE
	EndGlobalSection
	GlobalSection(ExtensibilityGlobals) = postSolution
		SolutionGuid = {BF585430-B1A4-4CA7-B176-219995DCB537}
	EndGlobalSection
EndGlobal
